
Microsoft Visual Studio Solution File, Format Version 12.00
# Visual Studio Version 17
VisualStudioVersion = 17.6.33513.286
MinimumVisualStudioVersion = 10.0.40219.1
Project("{FAE04EC0-301F-11D3-BF4B-00C04F79EFBC}") = "SuperHeroApi", "SuperHeroApi\SuperHeroApi.csproj", "{52F234C3-C11A-43BB-BFDA-0FFE0240CEC9}"
EndProject
Global
	GlobalSection(SolutionConfigurationPlatforms) = preSolution
		Debug|Any CPU = Debug|Any CPU
		Release|Any CPU = Release|Any CPU
	EndGlobalSection
	GlobalSection(ProjectConfigurationPlatforms) = postSolution
		{52F234C3-C11A-43BB-BFDA-0FFE0240CEC9}.Debug|Any CPU.ActiveCfg = Debug|Any CPU
		{52F234C3-C11A-43BB-BFDA-0FFE0240CEC9}.Debug|Any CPU.Build.0 = Debug|Any CPU
		{52F234C3-C11A-43BB-BFDA-0FFE0240CEC9}.Release|Any CPU.ActiveCfg = Release|Any CPU
		{52F234C3-C11A-43BB-BFDA-0FFE0240CEC9}.Release|Any CPU.Build.0 = Release|Any CPU
	EndGlobalSection
	GlobalSection(SolutionProperties) = preSolution
		HideSolutionNode = FALSE
	EndGlobalSection
	GlobalSection(ExtensibilityGlobals) = postSolution
		SolutionGuid = {B908F916-236C-4FD3-AC8E-50B0DA308713}
	EndGlobalSection
EndGlobal
